
Microsoft Visual Studio Solution File, Format Version 12.00
# Visual Studio Version 17
VisualStudioVersion = 17.14.36511.14 d17.14
MinimumVisualStudioVersion = 10.0.40219.1
Project("{2150E333-8FDC-42A3-9474-1A3956D46DE8}") = "Task0", "Task0", "{02EA681E-C7D8-13C7-8484-4AC65E1B71E8}"
EndProject
Project("{FAE04EC0-301F-11D3-BF4B-00C04F79EFBC}") = "Tyuiu.LeushinP.Sprint0.Task0.V0", "Tyuiu.LeushinP.Sprint0.Task0.V0\Tyuiu.LeushinP.Sprint0.Task0.V0.csproj", "{06548AF6-0BD3-43DE-90B8-F147EBE336B1}"
EndProject
Project("{2150E333-8FDC-42A3-9474-1A3956D46DE8}") = "Task1", "Task1", "{295D723A-59AC-4BA6-A6F1-8A105BDD96FD}"
EndProject
Project("{FAE04EC0-301F-11D3-BF4B-00C04F79EFBC}") = "Tyuiu.LeushinP.Sprint0.Task1.V0", "Tyuiu.LeushinP.Sprint0.Task1.V0\Tyuiu.LeushinP.Sprint0.Task1.V0.csproj", "{896652D5-4519-4AD0-A024-13219BCEBED4}"
EndProject
Project("{2150E333-8FDC-42A3-9474-1A3956D46DE8}") = "Task2", "Task2", "{45A424FD-49C7-49C7-AF5A-4557FBF5A155}"
EndProject
Project("{FAE04EC0-301F-11D3-BF4B-00C04F79EFBC}") = "Tyuiu.LeushinP.Sprint0.Task2.V0", "Tyuiu.LeushinP.Sprint0.Task2.V0\Tyuiu.LeushinP.Sprint0.Task2.V0.csproj", "{923F3F89-6A82-4B7A-AA55-DF69D2B80E23}"
EndProject
Project("{FAE04EC0-301F-11D3-BF4B-00C04F79EFBC}") = "Tyuiu.LeushinP.Sprint0.Task2.V0.Lib", "Tyuiu.LeushinP.Sprint0.Task2.V0.Lib\Tyuiu.LeushinP.Sprint0.Task2.V0.Lib.csproj", "{A932B2E5-7EF4-4497-8044-A9EE7CE61611}"
EndProject
Project("{FAE04EC0-301F-11D3-BF4B-00C04F79EFBC}") = "Tyuiu.LeushinP.Sprint0.Task2.V0.Test", "Tyuiu.LeushinP.Sprint0.Task2.V0.Test\Tyuiu.LeushinP.Sprint0.Task2.V0.Test.csproj", "{4BF06497-3551-41CA-940F-C13BAB1E7262}"
EndProject
Project("{2150E333-8FDC-42A3-9474-1A3956D46DE8}") = "Task3", "Task3", "{D2DBE950-2336-463F-B072-3D3A5ECBC3A7}"
EndProject
Project("{FAE04EC0-301F-11D3-BF4B-00C04F79EFBC}") = "Tyuiu.LeushinP.Sprint0.Task3.V0", "Tyuiu.LeushinP.Sprint0.Task3.V0\Tyuiu.LeushinP.Sprint0.Task3.V0.csproj", "{A26130B9-3C4C-44A9-9536-D3E93113F0BE}"
EndProject
Project("{FAE04EC0-301F-11D3-BF4B-00C04F79EFBC}") = "Tyuiu.LeushinP.Sprint0.Task3.V0.Test", "Tyuiu.LeushinP.Sprint0.Task3.V0.Test\Tyuiu.LeushinP.Sprint0.Task3.V0.Test.csproj", "{91E2AC42-99C2-4033-90A7-7A8F284ED721}"
EndProject
Project("{FAE04EC0-301F-11D3-BF4B-00C04F79EFBC}") = "Tyuiu.LeushinP.Sprint0.Task3.V0.Lib", "Tyuiu.LeushinP.Sprint0.Task3.V0.Lib\Tyuiu.LeushinP.Sprint0.Task3.V0.Lib.csproj", "{EE87E49C-F8B3-4750-9F0E-A2194FECA875}"
EndProject
Project("{2150E333-8FDC-42A3-9474-1A3956D46DE8}") = "Task4", "Task4", "{089E73B7-4052-4679-A4DB-FA1EF05FB8A6}"
EndProject
Project("{FAE04EC0-301F-11D3-BF4B-00C04F79EFBC}") = "Tyuiu.LeushinP.Sprint0.Task4.V0.Lib", "Tyuiu.LeushinP.Sprint0.Task4.V0.Lib\Tyuiu.LeushinP.Sprint0.Task4.V0.Lib.csproj", "{614725B4-0193-4CDD-B4B1-779F2FF0D876}"
EndProject
Project("{FAE04EC0-301F-11D3-BF4B-00C04F79EFBC}") = "Tyuiu.LeushinP.Sprint0.Task4.V0", "Tyuiu.LeushinP.Sprint0.Task4.V0\Tyuiu.LeushinP.Sprint0.Task4.V0.csproj", "{8B923902-3C82-476A-9483-459A2996B5B9}"
EndProject
Project("{FAE04EC0-301F-11D3-BF4B-00C04F79EFBC}") = "Tyuiu.LeushinP.Sprint0.Task4.V0.Test", "Tyuiu.LeushinP.Sprint0.Task4.V0.Test\Tyuiu.LeushinP.Sprint0.Task4.V0.Test.csproj", "{AEB64290-8A31-4E9C-85BD-CC90EBD4DBBB}"
EndProject
Project("{2150E333-8FDC-42A3-9474-1A3956D46DE8}") = "Task5", "Task5", "{A67548A4-EB71-4104-9D56-967A9A4185AE}"
EndProject
Project("{FAE04EC0-301F-11D3-BF4B-00C04F79EFBC}") = "Tyuiu.LeushinP.Sprint0.Task5.V0", "Tyuiu.LeushinP.Sprint0.Task5.V0\Tyuiu.LeushinP.Sprint0.Task5.V0.csproj", "{BF02D15A-1691-4232-9459-2A38A0229AA7}"
EndProject
Project("{FAE04EC0-301F-11D3-BF4B-00C04F79EFBC}") = "Tyuiu.LeushinP.Sprint0.Task5.V0.Lib", "Tyuiu.LeushinP.Sprint0.Task5.V0.Lib\Tyuiu.LeushinP.Sprint0.Task5.V0.Lib.csproj", "{26A60B78-4419-49C4-846E-6DD11BEE2AFC}"
EndProject
Project("{FAE04EC0-301F-11D3-BF4B-00C04F79EFBC}") = "Tyuiu.LeushinP.Sprint0.Task5.V0.Test", "Tyuiu.LeushinP.Sprint0.Task5.V0.Test\Tyuiu.LeushinP.Sprint0.Task5.V0.Test.csproj", "{9952DB11-D504-46DC-86E6-D47A152FDDE4}"
EndProject
Project("{2150E333-8FDC-42A3-9474-1A3956D46DE8}") = "Task6", "Task6", "{809137F9-FD49-42DF-AEB0-99C69C94CA14}"
EndProject
Project("{FAE04EC0-301F-11D3-BF4B-00C04F79EFBC}") = "Tyuiu.LeushinP.Sprint0.Task6.V0.Lib", "Tyuiu.LeushinP.Sprint0.Task6.V0.Lib\Tyuiu.LeushinP.Sprint0.Task6.V0.Lib.csproj", "{78462A33-3AAD-4D97-96AD-515657EC0C0E}"
EndProject
Project("{FAE04EC0-301F-11D3-BF4B-00C04F79EFBC}") = "Tyuiu.LeushinP.Sprint0.Task6.V0", "Tyuiu.LeushinP.Sprint0.Task6.V0\Tyuiu.LeushinP.Sprint0.Task6.V0.csproj", "{6557A500-28CE-46C6-A7FD-D65D7C6C273B}"
EndProject
Project("{FAE04EC0-301F-11D3-BF4B-00C04F79EFBC}") = "Tyuiu.LeushinP.Sprint0.Task6.V0.Task", "Tyuiu.LeushinP.Sprint0.Task6.V0.Task\Tyuiu.LeushinP.Sprint0.Task6.V0.Task.csproj", "{0417AF8D-0CFE-4B81-8414-3E019E872EF2}"
EndProject
Project("{2150E333-8FDC-42A3-9474-1A3956D46DE8}") = "Task7", "Task7", "{6F58EABF-23E9-4D7D-8071-A84143404985}"
EndProject
Project("{FAE04EC0-301F-11D3-BF4B-00C04F79EFBC}") = "Tyuiu.LeushinP.Sprint0.Task7.V0", "Tyuiu.LeushinP.Sprint0.Task7.V0\Tyuiu.LeushinP.Sprint0.Task7.V0.csproj", "{773A0AEA-FAC8-45CB-BBD2-D06497614E86}"
EndProject
Project("{FAE04EC0-301F-11D3-BF4B-00C04F79EFBC}") = "Tyuiu.LeushinP.Sprint0.Task7.V0.Test", "Tyuiu.LeushinP.Sprint0.Task7.V0.Test\Tyuiu.LeushinP.Sprint0.Task7.V0.Test.csproj", "{BFA59CE4-DC6B-46B8-8E4E-629C964B0849}"
EndProject
Project("{FAE04EC0-301F-11D3-BF4B-00C04F79EFBC}") = "Tyuiu.LeushinP.Sprint0.Task7.V0.Lib", "Tyuiu.LeushinP.Sprint0.Task7.V0.Lib\Tyuiu.LeushinP.Sprint0.Task7.V0.Lib.csproj", "{58B1C60D-4E8A-450A-96AE-EE12E8E67E1D}"
EndProject
Global
	GlobalSection(SolutionConfigurationPlatforms) = preSolution
		Debug|Any CPU = Debug|Any CPU
		Release|Any CPU = Release|Any CPU
	EndGlobalSection
	GlobalSection(ProjectConfigurationPlatforms) = postSolution
		{06548AF6-0BD3-43DE-90B8-F147EBE336B1}.Debug|Any CPU.ActiveCfg = Debug|Any CPU
		{06548AF6-0BD3-43DE-90B8-F147EBE336B1}.Debug|Any CPU.Build.0 = Debug|Any CPU
		{06548AF6-0BD3-43DE-90B8-F147EBE336B1}.Release|Any CPU.ActiveCfg = Release|Any CPU
		{06548AF6-0BD3-43DE-90B8-F147EBE336B1}.Release|Any CPU.Build.0 = Release|Any CPU
		{896652D5-4519-4AD0-A024-13219BCEBED4}.Debug|Any CPU.ActiveCfg = Debug|Any CPU
		{896652D5-4519-4AD0-A024-13219BCEBED4}.Debug|Any CPU.Build.0 = Debug|Any CPU
		{896652D5-4519-4AD0-A024-13219BCEBED4}.Release|Any CPU.ActiveCfg = Release|Any CPU
		{896652D5-4519-4AD0-A024-13219BCEBED4}.Release|Any CPU.Build.0 = Release|Any CPU
		{923F3F89-6A82-4B7A-AA55-DF69D2B80E23}.Debug|Any CPU.ActiveCfg = Debug|Any CPU
		{923F3F89-6A82-4B7A-AA55-DF69D2B80E23}.Debug|Any CPU.Build.0 = Debug|Any CPU
		{923F3F89-6A82-4B7A-AA55-DF69D2B80E23}.Release|Any CPU.ActiveCfg = Release|Any CPU
		{923F3F89-6A82-4B7A-AA55-DF69D2B80E23}.Release|Any CPU.Build.0 = Release|Any CPU
		{A932B2E5-7EF4-4497-8044-A9EE7CE61611}.Debug|Any CPU.ActiveCfg = Debug|Any CPU
		{A932B2E5-7EF4-4497-8044-A9EE7CE61611}.Debug|Any CPU.Build.0 = Debug|Any CPU
		{A932B2E5-7EF4-4497-8044-A9EE7CE61611}.Release|Any CPU.ActiveCfg = Release|Any CPU
		{A932B2E5-7EF4-4497-8044-A9EE7CE61611}.Release|Any CPU.Build.0 = Release|Any CPU
		{4BF06497-3551-41CA-940F-C13BAB1E7262}.Debug|Any CPU.ActiveCfg = Debug|Any CPU
		{4BF06497-3551-41CA-940F-C13BAB1E7262}.Debug|Any CPU.Build.0 = Debug|Any CPU
		{4BF06497-3551-41CA-940F-C13BAB1E7262}.Release|Any CPU.ActiveCfg = Release|Any CPU
		{4BF06497-3551-41CA-940F-C13BAB1E7262}.Release|Any CPU.Build.0 = Release|Any CPU
		{A26130B9-3C4C-44A9-9536-D3E93113F0BE}.Debug|Any CPU.ActiveCfg = Debug|Any CPU
		{A26130B9-3C4C-44A9-9536-D3E93113F0BE}.Debug|Any CPU.Build.0 = Debug|Any CPU
		{A26130B9-3C4C-44A9-9536-D3E93113F0BE}.Release|Any CPU.ActiveCfg = Release|Any CPU
		{A26130B9-3C4C-44A9-9536-D3E93113F0BE}.Release|Any CPU.Build.0 = Release|Any CPU
		{91E2AC42-99C2-4033-90A7-7A8F284ED721}.Debug|Any CPU.ActiveCfg = Debug|Any CPU
		{91E2AC42-99C2-4033-90A7-7A8F284ED721}.Debug|Any CPU.Build.0 = Debug|Any CPU
		{91E2AC42-99C2-4033-90A7-7A8F284ED721}.Release|Any CPU.ActiveCfg = Release|Any CPU
		{91E2AC42-99C2-4033-90A7-7A8F284ED721}.Release|Any CPU.Build.0 = Release|Any CPU
		{EE87E49C-F8B3-4750-9F0E-A2194FECA875}.Debug|Any CPU.ActiveCfg = Debug|Any CPU
		{EE87E49C-F8B3-4750-9F0E-A2194FECA875}.Debug|Any CPU.Build.0 = Debug|Any CPU
		{EE87E49C-F8B3-4750-9F0E-A2194FECA875}.Release|Any CPU.ActiveCfg = Release|Any CPU
		{EE87E49C-F8B3-4750-9F0E-A2194FECA875}.Release|Any CPU.Build.0 = Release|Any CPU
		{614725B4-0193-4CDD-B4B1-779F2FF0D876}.Debug|Any CPU.ActiveCfg = Debug|Any CPU
		{614725B4-0193-4CDD-B4B1-779F2FF0D876}.Debug|Any CPU.Build.0 = Debug|Any CPU
		{614725B4-0193-4CDD-B4B1-779F2FF0D876}.Release|Any CPU.ActiveCfg = Release|Any CPU
		{614725B4-0193-4CDD-B4B1-779F2FF0D876}.Release|Any CPU.Build.0 = Release|Any CPU
		{8B923902-3C82-476A-9483-459A2996B5B9}.Debug|Any CPU.ActiveCfg = Debug|Any CPU
		{8B923902-3C82-476A-9483-459A2996B5B9}.Debug|Any CPU.Build.0 = Debug|Any CPU
		{8B923902-3C82-476A-9483-459A2996B5B9}.Release|Any CPU.ActiveCfg = Release|Any CPU
		{8B923902-3C82-476A-9483-459A2996B5B9}.Release|Any CPU.Build.0 = Release|Any CPU
		{AEB64290-8A31-4E9C-85BD-CC90EBD4DBBB}.Debug|Any CPU.ActiveCfg = Debug|Any CPU
		{AEB64290-8A31-4E9C-85BD-CC90EBD4DBBB}.Debug|Any CPU.Build.0 = Debug|Any CPU
		{AEB64290-8A31-4E9C-85BD-CC90EBD4DBBB}.Release|Any CPU.ActiveCfg = Release|Any CPU
		{AEB64290-8A31-4E9C-85BD-CC90EBD4DBBB}.Release|Any CPU.Build.0 = Release|Any CPU
		{BF02D15A-1691-4232-9459-2A38A0229AA7}.Debug|Any CPU.ActiveCfg = Debug|Any CPU
		{BF02D15A-1691-4232-9459-2A38A0229AA7}.Debug|Any CPU.Build.0 = Debug|Any CPU
		{BF02D15A-1691-4232-9459-2A38A0229AA7}.Release|Any CPU.ActiveCfg = Release|Any CPU
		{BF02D15A-1691-4232-9459-2A38A0229AA7}.Release|Any CPU.Build.0 = Release|Any CPU
		{26A60B78-4419-49C4-846E-6DD11BEE2AFC}.Debug|Any CPU.ActiveCfg = Debug|Any CPU
		{26A60B78-4419-49C4-846E-6DD11BEE2AFC}.Debug|Any CPU.Build.0 = Debug|Any CPU
		{26A60B78-4419-49C4-846E-6DD11BEE2AFC}.Release|Any CPU.ActiveCfg = Release|Any CPU
		{26A60B78-4419-49C4-846E-6DD11BEE2AFC}.Release|Any CPU.Build.0 = Release|Any CPU
		{9952DB11-D504-46DC-86E6-D47A152FDDE4}.Debug|Any CPU.ActiveCfg = Debug|Any CPU
		{9952DB11-D504-46DC-86E6-D47A152FDDE4}.Debug|Any CPU.Build.0 = Debug|Any CPU
		{9952DB11-D504-46DC-86E6-D47A152FDDE4}.Release|Any CPU.ActiveCfg = Release|Any CPU
		{9952DB11-D504-46DC-86E6-D47A152FDDE4}.Release|Any CPU.Build.0 = Release|Any CPU
		{78462A33-3AAD-4D97-96AD-515657EC0C0E}.Debug|Any CPU.ActiveCfg = Debug|Any CPU
		{78462A33-3AAD-4D97-96AD-515657EC0C0E}.Debug|Any CPU.Build.0 = Debug|Any CPU
		{78462A33-3AAD-4D97-96AD-515657EC0C0E}.Release|Any CPU.ActiveCfg = Release|Any CPU
		{78462A33-3AAD-4D97-96AD-515657EC0C0E}.Release|Any CPU.Build.0 = Release|Any CPU
		{6557A500-28CE-46C6-A7FD-D65D7C6C273B}.Debug|Any CPU.ActiveCfg = Debug|Any CPU
		{6557A500-28CE-46C6-A7FD-D65D7C6C273B}.Debug|Any CPU.Build.0 = Debug|Any CPU
		{6557A500-28CE-46C6-A7FD-D65D7C6C273B}.Release|Any CPU.ActiveCfg = Release|Any CPU
		{6557A500-28CE-46C6-A7FD-D65D7C6C273B}.Release|Any CPU.Build.0 = Release|Any CPU
		{0417AF8D-0CFE-4B81-8414-3E019E872EF2}.Debug|Any CPU.ActiveCfg = Debug|Any CPU
		{0417AF8D-0CFE-4B81-8414-3E019E872EF2}.Debug|Any CPU.Build.0 = Debug|Any CPU
		{0417AF8D-0CFE-4B81-8414-3E019E872EF2}.Release|Any CPU.ActiveCfg = Release|Any CPU
		{0417AF8D-0CFE-4B81-8414-3E019E872EF2}.Release|Any CPU.Build.0 = Release|Any CPU
		{773A0AEA-FAC8-45CB-BBD2-D06497614E86}.Debug|Any CPU.ActiveCfg = Debug|Any CPU
		{773A0AEA-FAC8-45CB-BBD2-D06497614E86}.Debug|Any CPU.Build.0 = Debug|Any CPU
		{773A0AEA-FAC8-45CB-BBD2-D06497614E86}.Release|Any CPU.ActiveCfg = Release|Any CPU
		{773A0AEA-FAC8-45CB-BBD2-D06497614E86}.Release|Any CPU.Build.0 = Release|Any CPU
		{BFA59CE4-DC6B-46B8-8E4E-629C964B0849}.Debug|Any CPU.ActiveCfg = Debug|Any CPU
		{BFA59CE4-DC6B-46B8-8E4E-629C964B0849}.Debug|Any CPU.Build.0 = Debug|Any CPU
		{BFA59CE4-DC6B-46B8-8E4E-629C964B0849}.Release|Any CPU.ActiveCfg = Release|Any CPU
		{BFA59CE4-DC6B-46B8-8E4E-629C964B0849}.Release|Any CPU.Build.0 = Release|Any CPU
		{58B1C60D-4E8A-450A-96AE-EE12E8E67E1D}.Debug|Any CPU.ActiveCfg = Debug|Any CPU
		{58B1C60D-4E8A-450A-96AE-EE12E8E67E1D}.Debug|Any CPU.Build.0 = Debug|Any CPU
		{58B1C60D-4E8A-450A-96AE-EE12E8E67E1D}.Release|Any CPU.ActiveCfg = Release|Any CPU
		{58B1C60D-4E8A-450A-96AE-EE12E8E67E1D}.Release|Any CPU.Build.0 = Release|Any CPU
	EndGlobalSection
	GlobalSection(SolutionProperties) = preSolution
		HideSolutionNode = FALSE
	EndGlobalSection
	GlobalSection(NestedProjects) = preSolution
		{06548AF6-0BD3-43DE-90B8-F147EBE336B1} = {02EA681E-C7D8-13C7-8484-4AC65E1B71E8}
		{896652D5-4519-4AD0-A024-13219BCEBED4} = {295D723A-59AC-4BA6-A6F1-8A105BDD96FD}
		{923F3F89-6A82-4B7A-AA55-DF69D2B80E23} = {45A424FD-49C7-49C7-AF5A-4557FBF5A155}
		{A932B2E5-7EF4-4497-8044-A9EE7CE61611} = {45A424FD-49C7-49C7-AF5A-4557FBF5A155}
		{4BF06497-3551-41CA-940F-C13BAB1E7262} = {45A424FD-49C7-49C7-AF5A-4557FBF5A155}
		{A26130B9-3C4C-44A9-9536-D3E93113F0BE} = {D2DBE950-2336-463F-B072-3D3A5ECBC3A7}
		{91E2AC42-99C2-4033-90A7-7A8F284ED721} = {D2DBE950-2336-463F-B072-3D3A5ECBC3A7}
		{EE87E49C-F8B3-4750-9F0E-A2194FECA875} = {D2DBE950-2336-463F-B072-3D3A5ECBC3A7}
		{614725B4-0193-4CDD-B4B1-779F2FF0D876} = {089E73B7-4052-4679-A4DB-FA1EF05FB8A6}
		{8B923902-3C82-476A-9483-459A2996B5B9} = {089E73B7-4052-4679-A4DB-FA1EF05FB8A6}
		{AEB64290-8A31-4E9C-85BD-CC90EBD4DBBB} = {089E73B7-4052-4679-A4DB-FA1EF05FB8A6}
		{BF02D15A-1691-4232-9459-2A38A0229AA7} = {A67548A4-EB71-4104-9D56-967A9A4185AE}
		{26A60B78-4419-49C4-846E-6DD11BEE2AFC} = {A67548A4-EB71-4104-9D56-967A9A4185AE}
		{9952DB11-D504-46DC-86E6-D47A152FDDE4} = {A67548A4-EB71-4104-9D56-967A9A4185AE}
		{78462A33-3AAD-4D97-96AD-515657EC0C0E} = {809137F9-FD49-42DF-AEB0-99C69C94CA14}
		{6557A500-28CE-46C6-A7FD-D65D7C6C273B} = {809137F9-FD49-42DF-AEB0-99C69C94CA14}
		{0417AF8D-0CFE-4B81-8414-3E019E872EF2} = {809137F9-FD49-42DF-AEB0-99C69C94CA14}
		{773A0AEA-FAC8-45CB-BBD2-D06497614E86} = {6F58EABF-23E9-4D7D-8071-A84143404985}
		{BFA59CE4-DC6B-46B8-8E4E-629C964B0849} = {6F58EABF-23E9-4D7D-8071-A84143404985}
		{58B1C60D-4E8A-450A-96AE-EE12E8E67E1D} = {6F58EABF-23E9-4D7D-8071-A84143404985}
	EndGlobalSection
	GlobalSection(ExtensibilityGlobals) = postSolution
		SolutionGuid = {DBEEA36D-979D-46EC-9801-3686B05590B4}
	EndGlobalSection
EndGlobal
