
Microsoft Visual Studio Solution File, Format Version 12.00
# Visual Studio Version 17
VisualStudioVersion = 17.14.36511.14
MinimumVisualStudioVersion = 10.0.40219.1
Project("{2150E333-8FDC-42A3-9474-1A3956D46DE8}") = "Task0", "Task0", "{02EA681E-C7D8-13C7-8484-4AC65E1B71E8}"
EndProject
Project("{FAE04EC0-301F-11D3-BF4B-00C04F79EFBC}") = "Tyuiu.LeushinP.Sprint0.Task0.V0", "Tyuiu.LeushinP.Sprint0.Task0.V0\Tyuiu.LeushinP.Sprint0.Task0.V0.csproj", "{F87D4377-A21A-4D54-9A27-735AA5A283E5}"
EndProject
Project("{2150E333-8FDC-42A3-9474-1A3956D46DE8}") = "Task1", "Task1", "{40B5486C-9E93-4366-B43E-6FD2C390031C}"
EndProject
Project("{FAE04EC0-301F-11D3-BF4B-00C04F79EFBC}") = "Tyuiu.LeushinP.Sprint0.Task1.V0", "Tyuiu.LeushinP.Sprint0.Task1.V0\Tyuiu.LeushinP.Sprint0.Task1.V0.csproj", "{6B870CA6-D3DF-453D-9130-5ABC12BE1FF7}"
EndProject
Project("{2150E333-8FDC-42A3-9474-1A3956D46DE8}") = "Task2", "Task2", "{A715FD45-C4E7-4907-A7F3-1317A9CE289B}"
EndProject
Project("{FAE04EC0-301F-11D3-BF4B-00C04F79EFBC}") = "Tyuiu.LeushinP.Sprint0.Task2.V0", "Tyuiu.LeushinP.Sprint0.Task2.V0\Tyuiu.LeushinP.Sprint0.Task2.V0.csproj", "{DEF601C1-5B31-4AD0-81BA-2DE679269B48}"
EndProject
Project("{FAE04EC0-301F-11D3-BF4B-00C04F79EFBC}") = "Tyuiu.LeushinP.Sprint0.Task2.V0.Lib", "Tyuiu.LeushinP.Sprint0.Task2.V0.Lib\Tyuiu.LeushinP.Sprint0.Task2.V0.Lib.csproj", "{E6BCC0E0-FCE6-42FF-8774-93213DE1B62C}"
EndProject
Project("{FAE04EC0-301F-11D3-BF4B-00C04F79EFBC}") = "Tyuiu.LeushinP.Sprint0.Task2.V0.Test", "Tyuiu.LeushinP.Sprint0.Task2.V0.Test\Tyuiu.LeushinP.Sprint0.Task2.V0.Test.csproj", "{691BC5AB-6A77-448D-A2F7-3827ED45A111}"
EndProject
Project("{2150E333-8FDC-42A3-9474-1A3956D46DE8}") = "Task3", "Task3", "{E380A536-AED9-46B8-AFC5-FC6547EAA563}"
EndProject
Project("{FAE04EC0-301F-11D3-BF4B-00C04F79EFBC}") = "Tyuiu.LeushinP.Sprint0.Task3.V0.Test", "Tyuiu.LeushinP.Sprint0.Task3.V0.Test\Tyuiu.LeushinP.Sprint0.Task3.V0.Test.csproj", "{F972BD28-BF73-43E3-907F-7C031EF95802}"
EndProject
Project("{FAE04EC0-301F-11D3-BF4B-00C04F79EFBC}") = "Tyuiu.LeushinP.Sprint0.Task3.V0.Lib", "Tyuiu.LeushinP.Sprint0.Task3.V0.Lib\Tyuiu.LeushinP.Sprint0.Task3.V0.Lib.csproj", "{D44ED0EE-DAD9-42A1-8DAC-C9C41A1B15AA}"
EndProject
Project("{FAE04EC0-301F-11D3-BF4B-00C04F79EFBC}") = "Tyuiu.LeushinP.Sprint0.Task3.V0", "Tyuiu.LeushinP.Sprint0.Task3.V0\Tyuiu.LeushinP.Sprint0.Task3.V0.csproj", "{9463C5C2-4E6C-4A4C-AEEC-C6F18C782817}"
EndProject
Project("{2150E333-8FDC-42A3-9474-1A3956D46DE8}") = "Task4", "Task4", "{480F3CD1-D6D9-4B50-AB6C-87DF6606E199}"
EndProject
Project("{FAE04EC0-301F-11D3-BF4B-00C04F79EFBC}") = "Tyuiu.LeushinP.Sprint0.Task4.V0.Lib", "Tyuiu.LeushinP.Sprint0.Task4.V0.Lib\Tyuiu.LeushinP.Sprint0.Task4.V0.Lib.csproj", "{5A08AADF-87A6-41FC-BF29-F9E19084D99C}"
EndProject
Project("{FAE04EC0-301F-11D3-BF4B-00C04F79EFBC}") = "Tyuiu.LeushinP.Sprint0.Task4.V0.Test", "Tyuiu.LeushinP.Sprint0.Task4.V0.Test\Tyuiu.LeushinP.Sprint0.Task4.V0.Test.csproj", "{C1E2B6D7-3E23-4718-B0E7-0C8579A42CB0}"
EndProject
Project("{FAE04EC0-301F-11D3-BF4B-00C04F79EFBC}") = "Tyuiu.LeushinP.Sprint0.Task4.V0", "Tyuiu.LeushinP.Sprint0.Task4.V0\Tyuiu.LeushinP.Sprint0.Task4.V0.csproj", "{4A142830-69E3-40F5-BB1E-364E5476D2B7}"
EndProject
Project("{2150E333-8FDC-42A3-9474-1A3956D46DE8}") = "Task5", "Task5", "{EAE50B1B-DE53-4A2C-B1C5-57D6643F92F9}"
EndProject
Project("{FAE04EC0-301F-11D3-BF4B-00C04F79EFBC}") = "Tyuiu.LeushinP.Sprint0.Task5.V0", "Tyuiu.LeushinP.Sprint0.Task5.V0\Tyuiu.LeushinP.Sprint0.Task5.V0.csproj", "{B0937E54-46AD-4C6A-BEC4-2E89500452A1}"
EndProject
Project("{FAE04EC0-301F-11D3-BF4B-00C04F79EFBC}") = "Tyuiu.LeushinP.Sprint0.Task5.V0.Test", "Tyuiu.LeushinP.Sprint0.Task5.V0.Test\Tyuiu.LeushinP.Sprint0.Task5.V0.Test.csproj", "{1DFEC18A-3A47-4ECD-9007-95CF18CDBFC1}"
EndProject
Project("{FAE04EC0-301F-11D3-BF4B-00C04F79EFBC}") = "Tyuiu.LeushinP.Sprint0.Task5.V0.Lib", "Tyuiu.LeushinP.Sprint0.Task5.V0.Lib\Tyuiu.LeushinP.Sprint0.Task5.V0.Lib.csproj", "{F0BE0DBA-BB69-45E3-B953-CC6C0CB6AC44}"
EndProject
Project("{2150E333-8FDC-42A3-9474-1A3956D46DE8}") = "Task6", "Task6", "{6411D816-CF25-4AE1-98DB-A759B6E63AD5}"
EndProject
Project("{FAE04EC0-301F-11D3-BF4B-00C04F79EFBC}") = "Tyuiu.LeushinP.Sprint0.Task6.V0.Lib", "Tyuiu.LeushinP.Sprint0.Task6.V0.Lib\Tyuiu.LeushinP.Sprint0.Task6.V0.Lib.csproj", "{D0A661C2-6A00-44ED-BCC3-015188F33755}"
EndProject
Project("{FAE04EC0-301F-11D3-BF4B-00C04F79EFBC}") = "Tyuiu.LeushinP.Sprint0.Task6.V0.Test", "Tyuiu.LeushinP.Sprint0.Task6.V0.Test\Tyuiu.LeushinP.Sprint0.Task6.V0.Test.csproj", "{31E885F0-DA25-4F67-9797-BEFF1F836868}"
EndProject
Project("{FAE04EC0-301F-11D3-BF4B-00C04F79EFBC}") = "Tyuiu.LeushinP.Sprint0.Task6.V0", "Tyuiu.LeushinP.Sprint0.Task6.V0\Tyuiu.LeushinP.Sprint0.Task6.V0.csproj", "{4D1B4BB5-27A6-4470-BA34-428FA7C180F8}"
EndProject
Project("{2150E333-8FDC-42A3-9474-1A3956D46DE8}") = "Task7", "Task7", "{3CBD6085-0AA7-48C0-871A-9A415E954A1E}"
EndProject
Project("{FAE04EC0-301F-11D3-BF4B-00C04F79EFBC}") = "Tyuiu.LeushinP.Sprint0.Task7.V0.Test", "Tyuiu.LeushinP.Sprint0.Task7.V0.Test\Tyuiu.LeushinP.Sprint0.Task7.V0.Test.csproj", "{B08420A7-80CD-4C26-8AD9-A0210C6772BA}"
EndProject
Project("{FAE04EC0-301F-11D3-BF4B-00C04F79EFBC}") = "Tyuiu.LeushinP.Sprint0.Task7.V0", "Tyuiu.LeushinP.Sprint0.Task7.V0\Tyuiu.LeushinP.Sprint0.Task7.V0.csproj", "{97B81997-E198-49FC-B8D3-E723FF4E1F1B}"
EndProject
Project("{FAE04EC0-301F-11D3-BF4B-00C04F79EFBC}") = "Tyuiu.LeushinP.Sprint0.Task7.V0.Lib", "Tyuiu.LeushinP.Sprint0.Task7.V0.Lib\Tyuiu.LeushinP.Sprint0.Task7.V0.Lib.csproj", "{4E888CCE-5521-4B79-A9BF-913A2CA91C97}"
EndProject
Global
	GlobalSection(SolutionConfigurationPlatforms) = preSolution
		Debug|Any CPU = Debug|Any CPU
		Release|Any CPU = Release|Any CPU
	EndGlobalSection
	GlobalSection(ProjectConfigurationPlatforms) = postSolution
		{F87D4377-A21A-4D54-9A27-735AA5A283E5}.Debug|Any CPU.ActiveCfg = Debug|Any CPU
		{F87D4377-A21A-4D54-9A27-735AA5A283E5}.Debug|Any CPU.Build.0 = Debug|Any CPU
		{F87D4377-A21A-4D54-9A27-735AA5A283E5}.Release|Any CPU.ActiveCfg = Release|Any CPU
		{F87D4377-A21A-4D54-9A27-735AA5A283E5}.Release|Any CPU.Build.0 = Release|Any CPU
		{6B870CA6-D3DF-453D-9130-5ABC12BE1FF7}.Debug|Any CPU.ActiveCfg = Debug|Any CPU
		{6B870CA6-D3DF-453D-9130-5ABC12BE1FF7}.Debug|Any CPU.Build.0 = Debug|Any CPU
		{6B870CA6-D3DF-453D-9130-5ABC12BE1FF7}.Release|Any CPU.ActiveCfg = Release|Any CPU
		{6B870CA6-D3DF-453D-9130-5ABC12BE1FF7}.Release|Any CPU.Build.0 = Release|Any CPU
		{DEF601C1-5B31-4AD0-81BA-2DE679269B48}.Debug|Any CPU.ActiveCfg = Debug|Any CPU
		{DEF601C1-5B31-4AD0-81BA-2DE679269B48}.Debug|Any CPU.Build.0 = Debug|Any CPU
		{DEF601C1-5B31-4AD0-81BA-2DE679269B48}.Release|Any CPU.ActiveCfg = Release|Any CPU
		{DEF601C1-5B31-4AD0-81BA-2DE679269B48}.Release|Any CPU.Build.0 = Release|Any CPU
		{E6BCC0E0-FCE6-42FF-8774-93213DE1B62C}.Debug|Any CPU.ActiveCfg = Debug|Any CPU
		{E6BCC0E0-FCE6-42FF-8774-93213DE1B62C}.Debug|Any CPU.Build.0 = Debug|Any CPU
		{E6BCC0E0-FCE6-42FF-8774-93213DE1B62C}.Release|Any CPU.ActiveCfg = Release|Any CPU
		{E6BCC0E0-FCE6-42FF-8774-93213DE1B62C}.Release|Any CPU.Build.0 = Release|Any CPU
		{691BC5AB-6A77-448D-A2F7-3827ED45A111}.Debug|Any CPU.ActiveCfg = Debug|Any CPU
		{691BC5AB-6A77-448D-A2F7-3827ED45A111}.Debug|Any CPU.Build.0 = Debug|Any CPU
		{691BC5AB-6A77-448D-A2F7-3827ED45A111}.Release|Any CPU.ActiveCfg = Release|Any CPU
		{691BC5AB-6A77-448D-A2F7-3827ED45A111}.Release|Any CPU.Build.0 = Release|Any CPU
		{F972BD28-BF73-43E3-907F-7C031EF95802}.Debug|Any CPU.ActiveCfg = Debug|Any CPU
		{F972BD28-BF73-43E3-907F-7C031EF95802}.Debug|Any CPU.Build.0 = Debug|Any CPU
		{F972BD28-BF73-43E3-907F-7C031EF95802}.Release|Any CPU.ActiveCfg = Release|Any CPU
		{F972BD28-BF73-43E3-907F-7C031EF95802}.Release|Any CPU.Build.0 = Release|Any CPU
		{D44ED0EE-DAD9-42A1-8DAC-C9C41A1B15AA}.Debug|Any CPU.ActiveCfg = Debug|Any CPU
		{D44ED0EE-DAD9-42A1-8DAC-C9C41A1B15AA}.Debug|Any CPU.Build.0 = Debug|Any CPU
		{D44ED0EE-DAD9-42A1-8DAC-C9C41A1B15AA}.Release|Any CPU.ActiveCfg = Release|Any CPU
		{D44ED0EE-DAD9-42A1-8DAC-C9C41A1B15AA}.Release|Any CPU.Build.0 = Release|Any CPU
		{9463C5C2-4E6C-4A4C-AEEC-C6F18C782817}.Debug|Any CPU.ActiveCfg = Debug|Any CPU
		{9463C5C2-4E6C-4A4C-AEEC-C6F18C782817}.Debug|Any CPU.Build.0 = Debug|Any CPU
		{9463C5C2-4E6C-4A4C-AEEC-C6F18C782817}.Release|Any CPU.ActiveCfg = Release|Any CPU
		{9463C5C2-4E6C-4A4C-AEEC-C6F18C782817}.Release|Any CPU.Build.0 = Release|Any CPU
		{5A08AADF-87A6-41FC-BF29-F9E19084D99C}.Debug|Any CPU.ActiveCfg = Debug|Any CPU
		{5A08AADF-87A6-41FC-BF29-F9E19084D99C}.Debug|Any CPU.Build.0 = Debug|Any CPU
		{5A08AADF-87A6-41FC-BF29-F9E19084D99C}.Release|Any CPU.ActiveCfg = Release|Any CPU
		{5A08AADF-87A6-41FC-BF29-F9E19084D99C}.Release|Any CPU.Build.0 = Release|Any CPU
		{C1E2B6D7-3E23-4718-B0E7-0C8579A42CB0}.Debug|Any CPU.ActiveCfg = Debug|Any CPU
		{C1E2B6D7-3E23-4718-B0E7-0C8579A42CB0}.Debug|Any CPU.Build.0 = Debug|Any CPU
		{C1E2B6D7-3E23-4718-B0E7-0C8579A42CB0}.Release|Any CPU.ActiveCfg = Release|Any CPU
		{C1E2B6D7-3E23-4718-B0E7-0C8579A42CB0}.Release|Any CPU.Build.0 = Release|Any CPU
		{4A142830-69E3-40F5-BB1E-364E5476D2B7}.Debug|Any CPU.ActiveCfg = Debug|Any CPU
		{4A142830-69E3-40F5-BB1E-364E5476D2B7}.Debug|Any CPU.Build.0 = Debug|Any CPU
		{4A142830-69E3-40F5-BB1E-364E5476D2B7}.Release|Any CPU.ActiveCfg = Release|Any CPU
		{4A142830-69E3-40F5-BB1E-364E5476D2B7}.Release|Any CPU.Build.0 = Release|Any CPU
		{B0937E54-46AD-4C6A-BEC4-2E89500452A1}.Debug|Any CPU.ActiveCfg = Debug|Any CPU
		{B0937E54-46AD-4C6A-BEC4-2E89500452A1}.Debug|Any CPU.Build.0 = Debug|Any CPU
		{B0937E54-46AD-4C6A-BEC4-2E89500452A1}.Release|Any CPU.ActiveCfg = Release|Any CPU
		{B0937E54-46AD-4C6A-BEC4-2E89500452A1}.Release|Any CPU.Build.0 = Release|Any CPU
		{1DFEC18A-3A47-4ECD-9007-95CF18CDBFC1}.Debug|Any CPU.ActiveCfg = Debug|Any CPU
		{1DFEC18A-3A47-4ECD-9007-95CF18CDBFC1}.Debug|Any CPU.Build.0 = Debug|Any CPU
		{1DFEC18A-3A47-4ECD-9007-95CF18CDBFC1}.Release|Any CPU.ActiveCfg = Release|Any CPU
		{1DFEC18A-3A47-4ECD-9007-95CF18CDBFC1}.Release|Any CPU.Build.0 = Release|Any CPU
		{F0BE0DBA-BB69-45E3-B953-CC6C0CB6AC44}.Debug|Any CPU.ActiveCfg = Debug|Any CPU
		{F0BE0DBA-BB69-45E3-B953-CC6C0CB6AC44}.Debug|Any CPU.Build.0 = Debug|Any CPU
		{F0BE0DBA-BB69-45E3-B953-CC6C0CB6AC44}.Release|Any CPU.ActiveCfg = Release|Any CPU
		{F0BE0DBA-BB69-45E3-B953-CC6C0CB6AC44}.Release|Any CPU.Build.0 = Release|Any CPU
		{D0A661C2-6A00-44ED-BCC3-015188F33755}.Debug|Any CPU.ActiveCfg = Debug|Any CPU
		{D0A661C2-6A00-44ED-BCC3-015188F33755}.Debug|Any CPU.Build.0 = Debug|Any CPU
		{D0A661C2-6A00-44ED-BCC3-015188F33755}.Release|Any CPU.ActiveCfg = Release|Any CPU
		{D0A661C2-6A00-44ED-BCC3-015188F33755}.Release|Any CPU.Build.0 = Release|Any CPU
		{31E885F0-DA25-4F67-9797-BEFF1F836868}.Debug|Any CPU.ActiveCfg = Debug|Any CPU
		{31E885F0-DA25-4F67-9797-BEFF1F836868}.Debug|Any CPU.Build.0 = Debug|Any CPU
		{31E885F0-DA25-4F67-9797-BEFF1F836868}.Release|Any CPU.ActiveCfg = Release|Any CPU
		{31E885F0-DA25-4F67-9797-BEFF1F836868}.Release|Any CPU.Build.0 = Release|Any CPU
		{4D1B4BB5-27A6-4470-BA34-428FA7C180F8}.Debug|Any CPU.ActiveCfg = Debug|Any CPU
		{4D1B4BB5-27A6-4470-BA34-428FA7C180F8}.Debug|Any CPU.Build.0 = Debug|Any CPU
		{4D1B4BB5-27A6-4470-BA34-428FA7C180F8}.Release|Any CPU.ActiveCfg = Release|Any CPU
		{4D1B4BB5-27A6-4470-BA34-428FA7C180F8}.Release|Any CPU.Build.0 = Release|Any CPU
		{B08420A7-80CD-4C26-8AD9-A0210C6772BA}.Debug|Any CPU.ActiveCfg = Debug|Any CPU
		{B08420A7-80CD-4C26-8AD9-A0210C6772BA}.Debug|Any CPU.Build.0 = Debug|Any CPU
		{B08420A7-80CD-4C26-8AD9-A0210C6772BA}.Release|Any CPU.ActiveCfg = Release|Any CPU
		{B08420A7-80CD-4C26-8AD9-A0210C6772BA}.Release|Any CPU.Build.0 = Release|Any CPU
		{97B81997-E198-49FC-B8D3-E723FF4E1F1B}.Debug|Any CPU.ActiveCfg = Debug|Any CPU
		{97B81997-E198-49FC-B8D3-E723FF4E1F1B}.Debug|Any CPU.Build.0 = Debug|Any CPU
		{97B81997-E198-49FC-B8D3-E723FF4E1F1B}.Release|Any CPU.ActiveCfg = Release|Any CPU
		{97B81997-E198-49FC-B8D3-E723FF4E1F1B}.Release|Any CPU.Build.0 = Release|Any CPU
		{4E888CCE-5521-4B79-A9BF-913A2CA91C97}.Debug|Any CPU.ActiveCfg = Debug|Any CPU
		{4E888CCE-5521-4B79-A9BF-913A2CA91C97}.Debug|Any CPU.Build.0 = Debug|Any CPU
		{4E888CCE-5521-4B79-A9BF-913A2CA91C97}.Release|Any CPU.ActiveCfg = Release|Any CPU
		{4E888CCE-5521-4B79-A9BF-913A2CA91C97}.Release|Any CPU.Build.0 = Release|Any CPU
	EndGlobalSection
	GlobalSection(SolutionProperties) = preSolution
		HideSolutionNode = FALSE
	EndGlobalSection
	GlobalSection(NestedProjects) = preSolution
		{F87D4377-A21A-4D54-9A27-735AA5A283E5} = {02EA681E-C7D8-13C7-8484-4AC65E1B71E8}
		{6B870CA6-D3DF-453D-9130-5ABC12BE1FF7} = {40B5486C-9E93-4366-B43E-6FD2C390031C}
		{DEF601C1-5B31-4AD0-81BA-2DE679269B48} = {A715FD45-C4E7-4907-A7F3-1317A9CE289B}
		{E6BCC0E0-FCE6-42FF-8774-93213DE1B62C} = {A715FD45-C4E7-4907-A7F3-1317A9CE289B}
		{691BC5AB-6A77-448D-A2F7-3827ED45A111} = {A715FD45-C4E7-4907-A7F3-1317A9CE289B}
		{F972BD28-BF73-43E3-907F-7C031EF95802} = {E380A536-AED9-46B8-AFC5-FC6547EAA563}
		{D44ED0EE-DAD9-42A1-8DAC-C9C41A1B15AA} = {E380A536-AED9-46B8-AFC5-FC6547EAA563}
		{9463C5C2-4E6C-4A4C-AEEC-C6F18C782817} = {E380A536-AED9-46B8-AFC5-FC6547EAA563}
		{5A08AADF-87A6-41FC-BF29-F9E19084D99C} = {480F3CD1-D6D9-4B50-AB6C-87DF6606E199}
		{C1E2B6D7-3E23-4718-B0E7-0C8579A42CB0} = {480F3CD1-D6D9-4B50-AB6C-87DF6606E199}
		{4A142830-69E3-40F5-BB1E-364E5476D2B7} = {480F3CD1-D6D9-4B50-AB6C-87DF6606E199}
		{B0937E54-46AD-4C6A-BEC4-2E89500452A1} = {EAE50B1B-DE53-4A2C-B1C5-57D6643F92F9}
		{1DFEC18A-3A47-4ECD-9007-95CF18CDBFC1} = {EAE50B1B-DE53-4A2C-B1C5-57D6643F92F9}
		{F0BE0DBA-BB69-45E3-B953-CC6C0CB6AC44} = {EAE50B1B-DE53-4A2C-B1C5-57D6643F92F9}
		{D0A661C2-6A00-44ED-BCC3-015188F33755} = {6411D816-CF25-4AE1-98DB-A759B6E63AD5}
		{31E885F0-DA25-4F67-9797-BEFF1F836868} = {6411D816-CF25-4AE1-98DB-A759B6E63AD5}
		{4D1B4BB5-27A6-4470-BA34-428FA7C180F8} = {6411D816-CF25-4AE1-98DB-A759B6E63AD5}
		{B08420A7-80CD-4C26-8AD9-A0210C6772BA} = {3CBD6085-0AA7-48C0-871A-9A415E954A1E}
		{97B81997-E198-49FC-B8D3-E723FF4E1F1B} = {3CBD6085-0AA7-48C0-871A-9A415E954A1E}
		{4E888CCE-5521-4B79-A9BF-913A2CA91C97} = {3CBD6085-0AA7-48C0-871A-9A415E954A1E}
	EndGlobalSection
	GlobalSection(ExtensibilityGlobals) = postSolution
		SolutionGuid = {2FEB2FAF-5243-4175-8AF9-4D9F64DFFCB5}
	EndGlobalSection
EndGlobal
